
Microsoft Visual Studio Solution File, Format Version 12.00
# Visual Studio Version 17
VisualStudioVersion = 17.3.32825.248
MinimumVisualStudioVersion = 10.0.40219.1
Project("{FAE04EC0-301F-11D3-BF4B-00C04F79EFBC}") = "Converter", "Converter\Converter.csproj", "{09CFA659-6D2E-4F1C-BF6A-2D04C510541B}"
EndProject
Project("{FAE04EC0-301F-11D3-BF4B-00C04F79EFBC}") = "TestingConverter", "TestingConverter\TestingConverter.csproj", "{CFCD5381-D0F1-4416-A5C2-C498B2ED5C90}"
EndProject
Global
	GlobalSection(SolutionConfigurationPlatforms) = preSolution
		Debug|Any CPU = Debug|Any CPU
		Release|Any CPU = Release|Any CPU
	EndGlobalSection
	GlobalSection(ProjectConfigurationPlatforms) = postSolution
		{09CFA659-6D2E-4F1C-BF6A-2D04C510541B}.Debug|Any CPU.ActiveCfg = Debug|Any CPU
		{09CFA659-6D2E-4F1C-BF6A-2D04C510541B}.Debug|Any CPU.Build.0 = Debug|Any CPU
		{09CFA659-6D2E-4F1C-BF6A-2D04C510541B}.Release|Any CPU.ActiveCfg = Release|Any CPU
		{09CFA659-6D2E-4F1C-BF6A-2D04C510541B}.Release|Any CPU.Build.0 = Release|Any CPU
		{CFCD5381-D0F1-4416-A5C2-C498B2ED5C90}.Debug|Any CPU.ActiveCfg = Debug|Any CPU
		{CFCD5381-D0F1-4416-A5C2-C498B2ED5C90}.Debug|Any CPU.Build.0 = Debug|Any CPU
		{CFCD5381-D0F1-4416-A5C2-C498B2ED5C90}.Release|Any CPU.ActiveCfg = Release|Any CPU
		{CFCD5381-D0F1-4416-A5C2-C498B2ED5C90}.Release|Any CPU.Build.0 = Release|Any CPU
	EndGlobalSection
	GlobalSection(SolutionProperties) = preSolution
		HideSolutionNode = FALSE
	EndGlobalSection
	GlobalSection(ExtensibilityGlobals) = postSolution
		SolutionGuid = {DB1D92EF-8A40-4EBD-84A2-B14EA0A13D92}
	EndGlobalSection
EndGlobal
